// !$*UTF8*$!
{
	archiveVersion = 1;
	classes = {
	};
	objectVersion = 51;
	objects = {

/* Begin PBXBuildFile section */
		17858847548B8B96C5BAF4A2 /* Pods_ProjectCollaboration.framework in Frameworks */ = {isa = PBXBuildFile; fileRef = 42C82A7E4D3D7F5F944B38D5 /* Pods_ProjectCollaboration.framework */; };
		8D62DE31244F3C3D003BE4AC /* TabBarController.swift in Sources */ = {isa = PBXBuildFile; fileRef = 8D62DE30244F3C3D003BE4AC /* TabBarController.swift */; };
		8D62DE34244F3CE6003BE4AC /* FeedViewController.swift in Sources */ = {isa = PBXBuildFile; fileRef = 8D62DE33244F3CE6003BE4AC /* FeedViewController.swift */; };
		8D62DE36244F3CF6003BE4AC /* DetailViewController.swift in Sources */ = {isa = PBXBuildFile; fileRef = 8D62DE35244F3CF6003BE4AC /* DetailViewController.swift */; };
		8D62DE38244F3D09003BE4AC /* CreatePostViewController.swift in Sources */ = {isa = PBXBuildFile; fileRef = 8D62DE37244F3D09003BE4AC /* CreatePostViewController.swift */; };
		8D62DE3A244F3D22003BE4AC /* ProfileViewController.swift in Sources */ = {isa = PBXBuildFile; fileRef = 8D62DE39244F3D22003BE4AC /* ProfileViewController.swift */; };
		8D62DE3E244F3D9B003BE4AC /* FeedView.swift in Sources */ = {isa = PBXBuildFile; fileRef = 8D62DE3D244F3D9B003BE4AC /* FeedView.swift */; };
		8D62DE40244F3DB5003BE4AC /* DetailView.swift in Sources */ = {isa = PBXBuildFile; fileRef = 8D62DE3F244F3DB5003BE4AC /* DetailView.swift */; };
		8D62DE42244F3DC5003BE4AC /* CreatePostView.swift in Sources */ = {isa = PBXBuildFile; fileRef = 8D62DE41244F3DC5003BE4AC /* CreatePostView.swift */; };
		8D62DE44244F3DD6003BE4AC /* ProfileView.swift in Sources */ = {isa = PBXBuildFile; fileRef = 8D62DE43244F3DD6003BE4AC /* ProfileView.swift */; };
		8D62DE47244F3E03003BE4AC /* FeedCell.swift in Sources */ = {isa = PBXBuildFile; fileRef = 8D62DE46244F3E03003BE4AC /* FeedCell.swift */; };
		8D62DE49244F3E2F003BE4AC /* ProfileCell.swift in Sources */ = {isa = PBXBuildFile; fileRef = 8D62DE48244F3E2F003BE4AC /* ProfileCell.swift */; };
		8D62DE4D244F3E72003BE4AC /* DatabaseService.swift in Sources */ = {isa = PBXBuildFile; fileRef = 8D62DE4C244F3E72003BE4AC /* DatabaseService.swift */; };
		8D62DE4F244F3E85003BE4AC /* StorageService.swift in Sources */ = {isa = PBXBuildFile; fileRef = 8D62DE4E244F3E85003BE4AC /* StorageService.swift */; };
		8D62DE51244F3E99003BE4AC /* PostModel.swift in Sources */ = {isa = PBXBuildFile; fileRef = 8D62DE50244F3E99003BE4AC /* PostModel.swift */; };
		8D62DE53244F3EA7003BE4AC /* UserModel.swift in Sources */ = {isa = PBXBuildFile; fileRef = 8D62DE52244F3EA7003BE4AC /* UserModel.swift */; };
		8D62DE55244F3EB4003BE4AC /* CommentModel.swift in Sources */ = {isa = PBXBuildFile; fileRef = 8D62DE54244F3EB4003BE4AC /* CommentModel.swift */; };
		8D62DE58244F3EDA003BE4AC /* ShowAlert.swift in Sources */ = {isa = PBXBuildFile; fileRef = 8D62DE57244F3EDA003BE4AC /* ShowAlert.swift */; };
		8D62DE5C244F5257003BE4AC /* GoogleService-Info.plist in Resources */ = {isa = PBXBuildFile; fileRef = 8D62DE5B244F5257003BE4AC /* GoogleService-Info.plist */; };
		8DBAD640244E02B900889084 /* AppDelegate.swift in Sources */ = {isa = PBXBuildFile; fileRef = 8DBAD63F244E02B900889084 /* AppDelegate.swift */; };
		8DBAD642244E02B900889084 /* SceneDelegate.swift in Sources */ = {isa = PBXBuildFile; fileRef = 8DBAD641244E02B900889084 /* SceneDelegate.swift */; };
		8DBAD64A244E02B900889084 /* ProjectCollaboration.xcdatamodeld in Sources */ = {isa = PBXBuildFile; fileRef = 8DBAD648244E02B900889084 /* ProjectCollaboration.xcdatamodeld */; };
		8DBAD64C244E02BD00889084 /* Assets.xcassets in Resources */ = {isa = PBXBuildFile; fileRef = 8DBAD64B244E02BD00889084 /* Assets.xcassets */; };
		8DBAD64F244E02BD00889084 /* LaunchScreen.storyboard in Resources */ = {isa = PBXBuildFile; fileRef = 8DBAD64D244E02BD00889084 /* LaunchScreen.storyboard */; };
/* End PBXBuildFile section */

/* Begin PBXFileReference section */
		42C82A7E4D3D7F5F944B38D5 /* Pods_ProjectCollaboration.framework */ = {isa = PBXFileReference; explicitFileType = wrapper.framework; includeInIndex = 0; path = Pods_ProjectCollaboration.framework; sourceTree = BUILT_PRODUCTS_DIR; };
		4F9D345B2A00C6E10835ED18 /* Pods-ProjectCollaboration.debug.xcconfig */ = {isa = PBXFileReference; includeInIndex = 1; lastKnownFileType = text.xcconfig; name = "Pods-ProjectCollaboration.debug.xcconfig"; path = "Target Support Files/Pods-ProjectCollaboration/Pods-ProjectCollaboration.debug.xcconfig"; sourceTree = "<group>"; };
		8C41FD63A871C6FE184EBB67 /* Pods-ProjectCollaboration.release.xcconfig */ = {isa = PBXFileReference; includeInIndex = 1; lastKnownFileType = text.xcconfig; name = "Pods-ProjectCollaboration.release.xcconfig"; path = "Target Support Files/Pods-ProjectCollaboration/Pods-ProjectCollaboration.release.xcconfig"; sourceTree = "<group>"; };
		8D62DE30244F3C3D003BE4AC /* TabBarController.swift */ = {isa = PBXFileReference; lastKnownFileType = sourcecode.swift; path = TabBarController.swift; sourceTree = "<group>"; };
		8D62DE33244F3CE6003BE4AC /* FeedViewController.swift */ = {isa = PBXFileReference; lastKnownFileType = sourcecode.swift; path = FeedViewController.swift; sourceTree = "<group>"; };
		8D62DE35244F3CF6003BE4AC /* DetailViewController.swift */ = {isa = PBXFileReference; lastKnownFileType = sourcecode.swift; path = DetailViewController.swift; sourceTree = "<group>"; };
		8D62DE37244F3D09003BE4AC /* CreatePostViewController.swift */ = {isa = PBXFileReference; lastKnownFileType = sourcecode.swift; path = CreatePostViewController.swift; sourceTree = "<group>"; };
		8D62DE39244F3D22003BE4AC /* ProfileViewController.swift */ = {isa = PBXFileReference; lastKnownFileType = sourcecode.swift; path = ProfileViewController.swift; sourceTree = "<group>"; };
		8D62DE3D244F3D9B003BE4AC /* FeedView.swift */ = {isa = PBXFileReference; lastKnownFileType = sourcecode.swift; path = FeedView.swift; sourceTree = "<group>"; };
		8D62DE3F244F3DB5003BE4AC /* DetailView.swift */ = {isa = PBXFileReference; lastKnownFileType = sourcecode.swift; path = DetailView.swift; sourceTree = "<group>"; };
		8D62DE41244F3DC5003BE4AC /* CreatePostView.swift */ = {isa = PBXFileReference; lastKnownFileType = sourcecode.swift; path = CreatePostView.swift; sourceTree = "<group>"; };
		8D62DE43244F3DD6003BE4AC /* ProfileView.swift */ = {isa = PBXFileReference; lastKnownFileType = sourcecode.swift; path = ProfileView.swift; sourceTree = "<group>"; };
		8D62DE46244F3E03003BE4AC /* FeedCell.swift */ = {isa = PBXFileReference; lastKnownFileType = sourcecode.swift; path = FeedCell.swift; sourceTree = "<group>"; };
		8D62DE48244F3E2F003BE4AC /* ProfileCell.swift */ = {isa = PBXFileReference; lastKnownFileType = sourcecode.swift; path = ProfileCell.swift; sourceTree = "<group>"; };
		8D62DE4C244F3E72003BE4AC /* DatabaseService.swift */ = {isa = PBXFileReference; lastKnownFileType = sourcecode.swift; path = DatabaseService.swift; sourceTree = "<group>"; };
		8D62DE4E244F3E85003BE4AC /* StorageService.swift */ = {isa = PBXFileReference; lastKnownFileType = sourcecode.swift; path = StorageService.swift; sourceTree = "<group>"; };
		8D62DE50244F3E99003BE4AC /* PostModel.swift */ = {isa = PBXFileReference; lastKnownFileType = sourcecode.swift; path = PostModel.swift; sourceTree = "<group>"; };
		8D62DE52244F3EA7003BE4AC /* UserModel.swift */ = {isa = PBXFileReference; lastKnownFileType = sourcecode.swift; path = UserModel.swift; sourceTree = "<group>"; };
		8D62DE54244F3EB4003BE4AC /* CommentModel.swift */ = {isa = PBXFileReference; lastKnownFileType = sourcecode.swift; path = CommentModel.swift; sourceTree = "<group>"; };
		8D62DE57244F3EDA003BE4AC /* ShowAlert.swift */ = {isa = PBXFileReference; lastKnownFileType = sourcecode.swift; path = ShowAlert.swift; sourceTree = "<group>"; };
		8D62DE5B244F5257003BE4AC /* GoogleService-Info.plist */ = {isa = PBXFileReference; fileEncoding = 4; lastKnownFileType = text.plist.xml; name = "GoogleService-Info.plist"; path = "../GoogleService-Info.plist"; sourceTree = "<group>"; };
		8DBAD63C244E02B900889084 /* ProjectCollaboration.app */ = {isa = PBXFileReference; explicitFileType = wrapper.application; includeInIndex = 0; path = ProjectCollaboration.app; sourceTree = BUILT_PRODUCTS_DIR; };
		8DBAD63F244E02B900889084 /* AppDelegate.swift */ = {isa = PBXFileReference; lastKnownFileType = sourcecode.swift; path = AppDelegate.swift; sourceTree = "<group>"; };
		8DBAD641244E02B900889084 /* SceneDelegate.swift */ = {isa = PBXFileReference; lastKnownFileType = sourcecode.swift; path = SceneDelegate.swift; sourceTree = "<group>"; };
		8DBAD649244E02B900889084 /* ProjectCollaboration.xcdatamodel */ = {isa = PBXFileReference; lastKnownFileType = wrapper.xcdatamodel; path = ProjectCollaboration.xcdatamodel; sourceTree = "<group>"; };
		8DBAD64B244E02BD00889084 /* Assets.xcassets */ = {isa = PBXFileReference; lastKnownFileType = folder.assetcatalog; path = Assets.xcassets; sourceTree = "<group>"; };
		8DBAD64E244E02BD00889084 /* Base */ = {isa = PBXFileReference; lastKnownFileType = file.storyboard; name = Base; path = Base.lproj/LaunchScreen.storyboard; sourceTree = "<group>"; };
		8DBAD650244E02BD00889084 /* Info.plist */ = {isa = PBXFileReference; lastKnownFileType = text.plist.xml; path = Info.plist; sourceTree = "<group>"; };
/* End PBXFileReference section */

/* Begin PBXFrameworksBuildPhase section */
		8DBAD639244E02B900889084 /* Frameworks */ = {
			isa = PBXFrameworksBuildPhase;
			buildActionMask = 2147483647;
			files = (
				17858847548B8B96C5BAF4A2 /* Pods_ProjectCollaboration.framework in Frameworks */,
			);
			runOnlyForDeploymentPostprocessing = 0;
		};
/* End PBXFrameworksBuildPhase section */

/* Begin PBXGroup section */
		611241B45BB3039041C520CF /* Frameworks */ = {
			isa = PBXGroup;
			children = (
				42C82A7E4D3D7F5F944B38D5 /* Pods_ProjectCollaboration.framework */,
			);
			name = Frameworks;
			sourceTree = "<group>";
		};
		6FEAE2A567DD8AA643848F36 /* Pods */ = {
			isa = PBXGroup;
			children = (
				4F9D345B2A00C6E10835ED18 /* Pods-ProjectCollaboration.debug.xcconfig */,
				8C41FD63A871C6FE184EBB67 /* Pods-ProjectCollaboration.release.xcconfig */,
			);
			path = Pods;
			sourceTree = "<group>";
		};
		8D62DE2F244F3BF5003BE4AC /* TabBars */ = {
			isa = PBXGroup;
			children = (
				8D62DE30244F3C3D003BE4AC /* TabBarController.swift */,
			);
			path = TabBars;
			sourceTree = "<group>";
		};
		8D62DE32244F3C46003BE4AC /* ViewControllers */ = {
			isa = PBXGroup;
			children = (
				8D62DE33244F3CE6003BE4AC /* FeedViewController.swift */,
				8D62DE35244F3CF6003BE4AC /* DetailViewController.swift */,
				8D62DE37244F3D09003BE4AC /* CreatePostViewController.swift */,
				8D62DE39244F3D22003BE4AC /* ProfileViewController.swift */,
			);
			path = ViewControllers;
			sourceTree = "<group>";
		};
		8D62DE3B244F3D43003BE4AC /* Views */ = {
			isa = PBXGroup;
			children = (
				8D62DE3D244F3D9B003BE4AC /* FeedView.swift */,
				8D62DE3F244F3DB5003BE4AC /* DetailView.swift */,
				8D62DE41244F3DC5003BE4AC /* CreatePostView.swift */,
				8D62DE43244F3DD6003BE4AC /* ProfileView.swift */,
			);
			path = Views;
			sourceTree = "<group>";
		};
		8D62DE45244F3DDC003BE4AC /* Cells */ = {
			isa = PBXGroup;
			children = (
				8D62DE46244F3E03003BE4AC /* FeedCell.swift */,
				8D62DE48244F3E2F003BE4AC /* ProfileCell.swift */,
			);
			path = Cells;
			sourceTree = "<group>";
		};
		8D62DE4A244F3E35003BE4AC /* FirebaseServices */ = {
			isa = PBXGroup;
			children = (
				8D62DE4C244F3E72003BE4AC /* DatabaseService.swift */,
				8D62DE4E244F3E85003BE4AC /* StorageService.swift */,
			);
			path = FirebaseServices;
			sourceTree = "<group>";
		};
		8D62DE4B244F3E45003BE4AC /* Models */ = {
			isa = PBXGroup;
			children = (
				8D62DE50244F3E99003BE4AC /* PostModel.swift */,
				8D62DE52244F3EA7003BE4AC /* UserModel.swift */,
				8D62DE54244F3EB4003BE4AC /* CommentModel.swift */,
			);
			path = Models;
			sourceTree = "<group>";
		};
		8D62DE56244F3EC2003BE4AC /* Extensions */ = {
			isa = PBXGroup;
			children = (
				8D62DE57244F3EDA003BE4AC /* ShowAlert.swift */,
			);
			path = Extensions;
			sourceTree = "<group>";
		};
		8DBAD633244E02B900889084 = {
			isa = PBXGroup;
			children = (
				8DBAD63E244E02B900889084 /* ProjectCollaboration */,
				8DBAD63D244E02B900889084 /* Products */,
				6FEAE2A567DD8AA643848F36 /* Pods */,
				611241B45BB3039041C520CF /* Frameworks */,
			);
			sourceTree = "<group>";
		};
		8DBAD63D244E02B900889084 /* Products */ = {
			isa = PBXGroup;
			children = (
				8DBAD63C244E02B900889084 /* ProjectCollaboration.app */,
			);
			name = Products;
			sourceTree = "<group>";
		};
		8DBAD63E244E02B900889084 /* ProjectCollaboration */ = {
			isa = PBXGroup;
			children = (
				8D62DE56244F3EC2003BE4AC /* Extensions */,
				8D62DE4B244F3E45003BE4AC /* Models */,
				8D62DE4A244F3E35003BE4AC /* FirebaseServices */,
				8D62DE45244F3DDC003BE4AC /* Cells */,
				8D62DE3B244F3D43003BE4AC /* Views */,
				8D62DE32244F3C46003BE4AC /* ViewControllers */,
				8D62DE2F244F3BF5003BE4AC /* TabBars */,
				8DBAD63F244E02B900889084 /* AppDelegate.swift */,
				8DBAD641244E02B900889084 /* SceneDelegate.swift */,
				8DBAD64B244E02BD00889084 /* Assets.xcassets */,
				8DBAD64D244E02BD00889084 /* LaunchScreen.storyboard */,
				8D62DE5B244F5257003BE4AC /* GoogleService-Info.plist */,
				8DBAD650244E02BD00889084 /* Info.plist */,
				8DBAD648244E02B900889084 /* ProjectCollaboration.xcdatamodeld */,
			);
			path = ProjectCollaboration;
			sourceTree = "<group>";
		};
/* End PBXGroup section */

/* Begin PBXNativeTarget section */
		8DBAD63B244E02B900889084 /* ProjectCollaboration */ = {
			isa = PBXNativeTarget;
			buildConfigurationList = 8DBAD653244E02BD00889084 /* Build configuration list for PBXNativeTarget "ProjectCollaboration" */;
			buildPhases = (
				11F645A1DE7B9E6FD8191F9E /* [CP] Check Pods Manifest.lock */,
				8DBAD638244E02B900889084 /* Sources */,
				8DBAD639244E02B900889084 /* Frameworks */,
				8DBAD63A244E02B900889084 /* Resources */,
				C3003C87B4377D87C16FAD99 /* [CP] Embed Pods Frameworks */,
			);
			buildRules = (
			);
			dependencies = (
			);
			name = ProjectCollaboration;
			productName = ProjectCollaboration;
			productReference = 8DBAD63C244E02B900889084 /* ProjectCollaboration.app */;
			productType = "com.apple.product-type.application";
		};
/* End PBXNativeTarget section */

/* Begin PBXProject section */
		8DBAD634244E02B900889084 /* Project object */ = {
			isa = PBXProject;
			attributes = {
				LastSwiftUpdateCheck = 1120;
				LastUpgradeCheck = 1120;
				ORGANIZATIONNAME = "Luba Kaper";
				TargetAttributes = {
					8DBAD63B244E02B900889084 = {
						CreatedOnToolsVersion = 11.2.1;
					};
				};
			};
			buildConfigurationList = 8DBAD637244E02B900889084 /* Build configuration list for PBXProject "ProjectCollaboration" */;
			compatibilityVersion = "Xcode 9.3";
			developmentRegion = en;
			hasScannedForEncodings = 0;
			knownRegions = (
				en,
				Base,
			);
			mainGroup = 8DBAD633244E02B900889084;
			productRefGroup = 8DBAD63D244E02B900889084 /* Products */;
			projectDirPath = "";
			projectRoot = "";
			targets = (
				8DBAD63B244E02B900889084 /* ProjectCollaboration */,
			);
		};
/* End PBXProject section */

/* Begin PBXResourcesBuildPhase section */
		8DBAD63A244E02B900889084 /* Resources */ = {
			isa = PBXResourcesBuildPhase;
			buildActionMask = 2147483647;
			files = (
				8DBAD64F244E02BD00889084 /* LaunchScreen.storyboard in Resources */,
				8DBAD64C244E02BD00889084 /* Assets.xcassets in Resources */,
				8D62DE5C244F5257003BE4AC /* GoogleService-Info.plist in Resources */,
			);
			runOnlyForDeploymentPostprocessing = 0;
		};
/* End PBXResourcesBuildPhase section */

/* Begin PBXShellScriptBuildPhase section */
		11F645A1DE7B9E6FD8191F9E /* [CP] Check Pods Manifest.lock */ = {
			isa = PBXShellScriptBuildPhase;
			buildActionMask = 2147483647;
			files = (
			);
			inputFileListPaths = (
			);
			inputPaths = (
				"${PODS_PODFILE_DIR_PATH}/Podfile.lock",
				"${PODS_ROOT}/Manifest.lock",
			);
			name = "[CP] Check Pods Manifest.lock";
			outputFileListPaths = (
			);
			outputPaths = (
				"$(DERIVED_FILE_DIR)/Pods-ProjectCollaboration-checkManifestLockResult.txt",
			);
			runOnlyForDeploymentPostprocessing = 0;
			shellPath = /bin/sh;
			shellScript = "diff \"${PODS_PODFILE_DIR_PATH}/Podfile.lock\" \"${PODS_ROOT}/Manifest.lock\" > /dev/null\nif [ $? != 0 ] ; then\n    # print error to STDERR\n    echo \"error: The sandbox is not in sync with the Podfile.lock. Run 'pod install' or update your CocoaPods installation.\" >&2\n    exit 1\nfi\n# This output is used by Xcode 'outputs' to avoid re-running this script phase.\necho \"SUCCESS\" > \"${SCRIPT_OUTPUT_FILE_0}\"\n";
			showEnvVarsInLog = 0;
		};
		C3003C87B4377D87C16FAD99 /* [CP] Embed Pods Frameworks */ = {
			isa = PBXShellScriptBuildPhase;
			buildActionMask = 2147483647;
			files = (
			);
			inputFileListPaths = (
				"${PODS_ROOT}/Target Support Files/Pods-ProjectCollaboration/Pods-ProjectCollaboration-frameworks-${CONFIGURATION}-input-files.xcfilelist",
			);
			name = "[CP] Embed Pods Frameworks";
			outputFileListPaths = (
				"${PODS_ROOT}/Target Support Files/Pods-ProjectCollaboration/Pods-ProjectCollaboration-frameworks-${CONFIGURATION}-output-files.xcfilelist",
			);
			runOnlyForDeploymentPostprocessing = 0;
			shellPath = /bin/sh;
			shellScript = "\"${PODS_ROOT}/Target Support Files/Pods-ProjectCollaboration/Pods-ProjectCollaboration-frameworks.sh\"\n";
			showEnvVarsInLog = 0;
		};
/* End PBXShellScriptBuildPhase section */

/* Begin PBXSourcesBuildPhase section */
		8DBAD638244E02B900889084 /* Sources */ = {
			isa = PBXSourcesBuildPhase;
			buildActionMask = 2147483647;
			files = (
				8D62DE3E244F3D9B003BE4AC /* FeedView.swift in Sources */,
				8D62DE51244F3E99003BE4AC /* PostModel.swift in Sources */,
				8D62DE44244F3DD6003BE4AC /* ProfileView.swift in Sources */,
				8D62DE58244F3EDA003BE4AC /* ShowAlert.swift in Sources */,
				8DBAD640244E02B900889084 /* AppDelegate.swift in Sources */,
				8D62DE38244F3D09003BE4AC /* CreatePostViewController.swift in Sources */,
				8DBAD642244E02B900889084 /* SceneDelegate.swift in Sources */,
				8D62DE4D244F3E72003BE4AC /* DatabaseService.swift in Sources */,
				8D62DE40244F3DB5003BE4AC /* DetailView.swift in Sources */,
				8D62DE47244F3E03003BE4AC /* FeedCell.swift in Sources */,
				8D62DE31244F3C3D003BE4AC /* TabBarController.swift in Sources */,
				8D62DE49244F3E2F003BE4AC /* ProfileCell.swift in Sources */,
				8D62DE34244F3CE6003BE4AC /* FeedViewController.swift in Sources */,
				8D62DE4F244F3E85003BE4AC /* StorageService.swift in Sources */,
				8D62DE42244F3DC5003BE4AC /* CreatePostView.swift in Sources */,
				8D62DE53244F3EA7003BE4AC /* UserModel.swift in Sources */,
				8D62DE3A244F3D22003BE4AC /* ProfileViewController.swift in Sources */,
				8D62DE55244F3EB4003BE4AC /* CommentModel.swift in Sources */,
				8DBAD64A244E02B900889084 /* ProjectCollaboration.xcdatamodeld in Sources */,
				8D62DE36244F3CF6003BE4AC /* DetailViewController.swift in Sources */,
			);
			runOnlyForDeploymentPostprocessing = 0;
		};
/* End PBXSourcesBuildPhase section */

/* Begin PBXVariantGroup section */
		8DBAD64D244E02BD00889084 /* LaunchScreen.storyboard */ = {
			isa = PBXVariantGroup;
			children = (
				8DBAD64E244E02BD00889084 /* Base */,
			);
			name = LaunchScreen.storyboard;
			sourceTree = "<group>";
		};
/* End PBXVariantGroup section */

/* Begin XCBuildConfiguration section */
		8DBAD651244E02BD00889084 /* Debug */ = {
			isa = XCBuildConfiguration;
			buildSettings = {
				ALWAYS_SEARCH_USER_PATHS = NO;
				CLANG_ANALYZER_NONNULL = YES;
				CLANG_ANALYZER_NUMBER_OBJECT_CONVERSION = YES_AGGRESSIVE;
				CLANG_CXX_LANGUAGE_STANDARD = "gnu++14";
				CLANG_CXX_LIBRARY = "libc++";
				CLANG_ENABLE_MODULES = YES;
				CLANG_ENABLE_OBJC_ARC = YES;
				CLANG_ENABLE_OBJC_WEAK = YES;
				CLANG_WARN_BLOCK_CAPTURE_AUTORELEASING = YES;
				CLANG_WARN_BOOL_CONVERSION = YES;
				CLANG_WARN_COMMA = YES;
				CLANG_WARN_CONSTANT_CONVERSION = YES;
				CLANG_WARN_DEPRECATED_OBJC_IMPLEMENTATIONS = YES;
				CLANG_WARN_DIRECT_OBJC_ISA_USAGE = YES_ERROR;
				CLANG_WARN_DOCUMENTATION_COMMENTS = YES;
				CLANG_WARN_EMPTY_BODY = YES;
				CLANG_WARN_ENUM_CONVERSION = YES;
				CLANG_WARN_INFINITE_RECURSION = YES;
				CLANG_WARN_INT_CONVERSION = YES;
				CLANG_WARN_NON_LITERAL_NULL_CONVERSION = YES;
				CLANG_WARN_OBJC_IMPLICIT_RETAIN_SELF = YES;
				CLANG_WARN_OBJC_LITERAL_CONVERSION = YES;
				CLANG_WARN_OBJC_ROOT_CLASS = YES_ERROR;
				CLANG_WARN_RANGE_LOOP_ANALYSIS = YES;
				CLANG_WARN_STRICT_PROTOTYPES = YES;
				CLANG_WARN_SUSPICIOUS_MOVE = YES;
				CLANG_WARN_UNGUARDED_AVAILABILITY = YES_AGGRESSIVE;
				CLANG_WARN_UNREACHABLE_CODE = YES;
				CLANG_WARN__DUPLICATE_METHOD_MATCH = YES;
				COPY_PHASE_STRIP = NO;
				DEBUG_INFORMATION_FORMAT = dwarf;
				ENABLE_STRICT_OBJC_MSGSEND = YES;
				ENABLE_TESTABILITY = YES;
				GCC_C_LANGUAGE_STANDARD = gnu11;
				GCC_DYNAMIC_NO_PIC = NO;
				GCC_NO_COMMON_BLOCKS = YES;
				GCC_OPTIMIZATION_LEVEL = 0;
				GCC_PREPROCESSOR_DEFINITIONS = (
					"DEBUG=1",
					"$(inherited)",
				);
				GCC_WARN_64_TO_32_BIT_CONVERSION = YES;
				GCC_WARN_ABOUT_RETURN_TYPE = YES_ERROR;
				GCC_WARN_UNDECLARED_SELECTOR = YES;
				GCC_WARN_UNINITIALIZED_AUTOS = YES_AGGRESSIVE;
				GCC_WARN_UNUSED_FUNCTION = YES;
				GCC_WARN_UNUSED_VARIABLE = YES;
				IPHONEOS_DEPLOYMENT_TARGET = 13.2;
				MTL_ENABLE_DEBUG_INFO = INCLUDE_SOURCE;
				MTL_FAST_MATH = YES;
				ONLY_ACTIVE_ARCH = YES;
				SDKROOT = iphoneos;
				SWIFT_ACTIVE_COMPILATION_CONDITIONS = DEBUG;
				SWIFT_OPTIMIZATION_LEVEL = "-Onone";
			};
			name = Debug;
		};
		8DBAD652244E02BD00889084 /* Release */ = {
			isa = XCBuildConfiguration;
			buildSettings = {
				ALWAYS_SEARCH_USER_PATHS = NO;
				CLANG_ANALYZER_NONNULL = YES;
				CLANG_ANALYZER_NUMBER_OBJECT_CONVERSION = YES_AGGRESSIVE;
				CLANG_CXX_LANGUAGE_STANDARD = "gnu++14";
				CLANG_CXX_LIBRARY = "libc++";
				CLANG_ENABLE_MODULES = YES;
				CLANG_ENABLE_OBJC_ARC = YES;
				CLANG_ENABLE_OBJC_WEAK = YES;
				CLANG_WARN_BLOCK_CAPTURE_AUTORELEASING = YES;
				CLANG_WARN_BOOL_CONVERSION = YES;
				CLANG_WARN_COMMA = YES;
				CLANG_WARN_CONSTANT_CONVERSION = YES;
				CLANG_WARN_DEPRECATED_OBJC_IMPLEMENTATIONS = YES;
				CLANG_WARN_DIRECT_OBJC_ISA_USAGE = YES_ERROR;
				CLANG_WARN_DOCUMENTATION_COMMENTS = YES;
				CLANG_WARN_EMPTY_BODY = YES;
				CLANG_WARN_ENUM_CONVERSION = YES;
				CLANG_WARN_INFINITE_RECURSION = YES;
				CLANG_WARN_INT_CONVERSION = YES;
				CLANG_WARN_NON_LITERAL_NULL_CONVERSION = YES;
				CLANG_WARN_OBJC_IMPLICIT_RETAIN_SELF = YES;
				CLANG_WARN_OBJC_LITERAL_CONVERSION = YES;
				CLANG_WARN_OBJC_ROOT_CLASS = YES_ERROR;
				CLANG_WARN_RANGE_LOOP_ANALYSIS = YES;
				CLANG_WARN_STRICT_PROTOTYPES = YES;
				CLANG_WARN_SUSPICIOUS_MOVE = YES;
				CLANG_WARN_UNGUARDED_AVAILABILITY = YES_AGGRESSIVE;
				CLANG_WARN_UNREACHABLE_CODE = YES;
				CLANG_WARN__DUPLICATE_METHOD_MATCH = YES;
				COPY_PHASE_STRIP = NO;
				DEBUG_INFORMATION_FORMAT = "dwarf-with-dsym";
				ENABLE_NS_ASSERTIONS = NO;
				ENABLE_STRICT_OBJC_MSGSEND = YES;
				GCC_C_LANGUAGE_STANDARD = gnu11;
				GCC_NO_COMMON_BLOCKS = YES;
				GCC_WARN_64_TO_32_BIT_CONVERSION = YES;
				GCC_WARN_ABOUT_RETURN_TYPE = YES_ERROR;
				GCC_WARN_UNDECLARED_SELECTOR = YES;
				GCC_WARN_UNINITIALIZED_AUTOS = YES_AGGRESSIVE;
				GCC_WARN_UNUSED_FUNCTION = YES;
				GCC_WARN_UNUSED_VARIABLE = YES;
				IPHONEOS_DEPLOYMENT_TARGET = 13.2;
				MTL_ENABLE_DEBUG_INFO = NO;
				MTL_FAST_MATH = YES;
				SDKROOT = iphoneos;
				SWIFT_COMPILATION_MODE = wholemodule;
				SWIFT_OPTIMIZATION_LEVEL = "-O";
				VALIDATE_PRODUCT = YES;
			};
			name = Release;
		};
		8DBAD654244E02BD00889084 /* Debug */ = {
			isa = XCBuildConfiguration;
			baseConfigurationReference = 4F9D345B2A00C6E10835ED18 /* Pods-ProjectCollaboration.debug.xcconfig */;
			buildSettings = {
				ASSETCATALOG_COMPILER_APPICON_NAME = AppIcon;
				CODE_SIGN_STYLE = Automatic;
				DEVELOPMENT_TEAM = CNV924Q9C2;
				INFOPLIST_FILE = ProjectCollaboration/Info.plist;
				LD_RUNPATH_SEARCH_PATHS = (
					"$(inherited)",
					"@executable_path/Frameworks",
				);
				PRODUCT_BUNDLE_IDENTIFIER = com.lubakaper.ProjectCollaboration;
				PRODUCT_NAME = "$(TARGET_NAME)";
				SWIFT_VERSION = 5.0;
				TARGETED_DEVICE_FAMILY = "1,2";
			};
			name = Debug;
		};
		8DBAD655244E02BD00889084 /* Release */ = {
			isa = XCBuildConfiguration;
			baseConfigurationReference = 8C41FD63A871C6FE184EBB67 /* Pods-ProjectCollaboration.release.xcconfig */;
			buildSettings = {
				ASSETCATALOG_COMPILER_APPICON_NAME = AppIcon;
				CODE_SIGN_STYLE = Automatic;
				DEVELOPMENT_TEAM = CNV924Q9C2;
				INFOPLIST_FILE = ProjectCollaboration/Info.plist;
				LD_RUNPATH_SEARCH_PATHS = (
					"$(inherited)",
					"@executable_path/Frameworks",
				);
				PRODUCT_BUNDLE_IDENTIFIER = com.lubakaper.ProjectCollaboration;
				PRODUCT_NAME = "$(TARGET_NAME)";
				SWIFT_VERSION = 5.0;
				TARGETED_DEVICE_FAMILY = "1,2";
			};
			name = Release;
		};
/* End XCBuildConfiguration section */

/* Begin XCConfigurationList section */
		8DBAD637244E02B900889084 /* Build configuration list for PBXProject "ProjectCollaboration" */ = {
			isa = XCConfigurationList;
			buildConfigurations = (
				8DBAD651244E02BD00889084 /* Debug */,
				8DBAD652244E02BD00889084 /* Release */,
			);
			defaultConfigurationIsVisible = 0;
			defaultConfigurationName = Release;
		};
		8DBAD653244E02BD00889084 /* Build configuration list for PBXNativeTarget "ProjectCollaboration" */ = {
			isa = XCConfigurationList;
			buildConfigurations = (
				8DBAD654244E02BD00889084 /* Debug */,
				8DBAD655244E02BD00889084 /* Release */,
			);
			defaultConfigurationIsVisible = 0;
			defaultConfigurationName = Release;
		};
/* End XCConfigurationList section */

/* Begin XCVersionGroup section */
		8DBAD648244E02B900889084 /* ProjectCollaboration.xcdatamodeld */ = {
			isa = XCVersionGroup;
			children = (
				8DBAD649244E02B900889084 /* ProjectCollaboration.xcdatamodel */,
			);
			currentVersion = 8DBAD649244E02B900889084 /* ProjectCollaboration.xcdatamodel */;
			path = ProjectCollaboration.xcdatamodeld;
			sourceTree = "<group>";
			versionGroupType = wrapper.xcdatamodel;
		};
/* End XCVersionGroup section */
	};
	rootObject = 8DBAD634244E02B900889084 /* Project object */;
}
